// !$*UTF8*$!
{
	archiveVersion = 1;
	classes = {
	};
	objectVersion = 50;
	objects = {

/* Begin PBXBuildFile section */
		BA53ECA3271B412B00B8AC44 /* NetworkHelper.swift in Sources */ = {isa = PBXBuildFile; fileRef = BA53ECA2271B412B00B8AC44 /* NetworkHelper.swift */; };
		BA64ED38271ADC0200D9498D /* model.swift in Sources */ = {isa = PBXBuildFile; fileRef = BA64ED37271ADC0200D9498D /* model.swift */; };
		BA64ED3A271AE90400D9498D /* Extensions.swift in Sources */ = {isa = PBXBuildFile; fileRef = BA64ED39271AE90400D9498D /* Extensions.swift */; };
		BACC1DD62691D62900866C79 /* AppDelegate.swift in Sources */ = {isa = PBXBuildFile; fileRef = BACC1DD52691D62900866C79 /* AppDelegate.swift */; };
		BACC1DD82691D62900866C79 /* SceneDelegate.swift in Sources */ = {isa = PBXBuildFile; fileRef = BACC1DD72691D62900866C79 /* SceneDelegate.swift */; };
		BACC1DDA2691D62900866C79 /* ViewController.swift in Sources */ = {isa = PBXBuildFile; fileRef = BACC1DD92691D62900866C79 /* ViewController.swift */; };
		BACC1DDD2691D62900866C79 /* Main.storyboard in Resources */ = {isa = PBXBuildFile; fileRef = BACC1DDB2691D62900866C79 /* Main.storyboard */; };
		BACC1DDF2691D62D00866C79 /* Assets.xcassets in Resources */ = {isa = PBXBuildFile; fileRef = BACC1DDE2691D62D00866C79 /* Assets.xcassets */; };
		BACC1DE22691D62D00866C79 /* LaunchScreen.storyboard in Resources */ = {isa = PBXBuildFile; fileRef = BACC1DE02691D62D00866C79 /* LaunchScreen.storyboard */; };
/* End PBXBuildFile section */

/* Begin PBXFileReference section */
		BA53ECA2271B412B00B8AC44 /* NetworkHelper.swift */ = {isa = PBXFileReference; lastKnownFileType = sourcecode.swift; path = NetworkHelper.swift; sourceTree = "<group>"; };
		BA64ED37271ADC0200D9498D /* model.swift */ = {isa = PBXFileReference; lastKnownFileType = sourcecode.swift; path = model.swift; sourceTree = "<group>"; };
		BA64ED39271AE90400D9498D /* Extensions.swift */ = {isa = PBXFileReference; lastKnownFileType = sourcecode.swift; path = Extensions.swift; sourceTree = "<group>"; };
		BACC1DD22691D62900866C79 /* Photo Search.app */ = {isa = PBXFileReference; explicitFileType = wrapper.application; includeInIndex = 0; path = "Photo Search.app"; sourceTree = BUILT_PRODUCTS_DIR; };
		BACC1DD52691D62900866C79 /* AppDelegate.swift */ = {isa = PBXFileReference; lastKnownFileType = sourcecode.swift; path = AppDelegate.swift; sourceTree = "<group>"; };
		BACC1DD72691D62900866C79 /* SceneDelegate.swift */ = {isa = PBXFileReference; lastKnownFileType = sourcecode.swift; path = SceneDelegate.swift; sourceTree = "<group>"; };
		BACC1DD92691D62900866C79 /* ViewController.swift */ = {isa = PBXFileReference; lastKnownFileType = sourcecode.swift; path = ViewController.swift; sourceTree = "<group>"; };
		BACC1DDC2691D62900866C79 /* Base */ = {isa = PBXFileReference; lastKnownFileType = file.storyboard; name = Base; path = Base.lproj/Main.storyboard; sourceTree = "<group>"; };
		BACC1DDE2691D62D00866C79 /* Assets.xcassets */ = {isa = PBXFileReference; lastKnownFileType = folder.assetcatalog; path = Assets.xcassets; sourceTree = "<group>"; };
		BACC1DE12691D62D00866C79 /* Base */ = {isa = PBXFileReference; lastKnownFileType = file.storyboard; name = Base; path = Base.lproj/LaunchScreen.storyboard; sourceTree = "<group>"; };
		BACC1DE32691D62D00866C79 /* Info.plist */ = {isa = PBXFileReference; lastKnownFileType = text.plist.xml; path = Info.plist; sourceTree = "<group>"; };
/* End PBXFileReference section */

/* Begin PBXFrameworksBuildPhase section */
		BACC1DCF2691D62900866C79 /* Frameworks */ = {
			isa = PBXFrameworksBuildPhase;
			buildActionMask = 2147483647;
			files = (
			);
			runOnlyForDeploymentPostprocessing = 0;
		};
/* End PBXFrameworksBuildPhase section */

/* Begin PBXGroup section */
		BACC1DC92691D62900866C79 = {
			isa = PBXGroup;
			children = (
				BACC1DD42691D62900866C79 /* Photo Search */,
				BACC1DD32691D62900866C79 /* Products */,
			);
			sourceTree = "<group>";
		};
		BACC1DD32691D62900866C79 /* Products */ = {
			isa = PBXGroup;
			children = (
				BACC1DD22691D62900866C79 /* Photo Search.app */,
			);
			name = Products;
			sourceTree = "<group>";
		};
		BACC1DD42691D62900866C79 /* Photo Search */ = {
			isa = PBXGroup;
			children = (
				BACC1DD52691D62900866C79 /* AppDelegate.swift */,
				BACC1DD72691D62900866C79 /* SceneDelegate.swift */,
				BA64ED37271ADC0200D9498D /* model.swift */,
				BACC1DD92691D62900866C79 /* ViewController.swift */,
				BACC1DDE2691D62D00866C79 /* Assets.xcassets */,
				BACC1DDB2691D62900866C79 /* Main.storyboard */,
				BACC1DE02691D62D00866C79 /* LaunchScreen.storyboard */,
				BACC1DE32691D62D00866C79 /* Info.plist */,
				BA53ECA2271B412B00B8AC44 /* NetworkHelper.swift */,
				BA64ED39271AE90400D9498D /* Extensions.swift */,
			);
			path = "Photo Search";
			sourceTree = "<group>";
		};
/* End PBXGroup section */

/* Begin PBXNativeTarget section */
		BACC1DD12691D62900866C79 /* Photo Search */ = {
			isa = PBXNativeTarget;
			buildConfigurationList = BACC1DE62691D62D00866C79 /* Build configuration list for PBXNativeTarget "Photo Search" */;
			buildPhases = (
				BACC1DCE2691D62900866C79 /* Sources */,
				BACC1DCF2691D62900866C79 /* Frameworks */,
				BACC1DD02691D62900866C79 /* Resources */,
			);
			buildRules = (
			);
			dependencies = (
			);
			name = "Photo Search";
			productName = "Photo Search";
			productReference = BACC1DD22691D62900866C79 /* Photo Search.app */;
			productType = "com.apple.product-type.application";
		};
/* End PBXNativeTarget section */

/* Begin PBXProject section */
		BACC1DCA2691D62900866C79 /* Project object */ = {
			isa = PBXProject;
			attributes = {
				LastSwiftUpdateCheck = 1250;
				LastUpgradeCheck = 1250;
				TargetAttributes = {
					BACC1DD12691D62900866C79 = {
						CreatedOnToolsVersion = 12.5.1;
					};
				};
			};
			buildConfigurationList = BACC1DCD2691D62900866C79 /* Build configuration list for PBXProject "Photo Search" */;
			compatibilityVersion = "Xcode 9.3";
			developmentRegion = en;
			hasScannedForEncodings = 0;
			knownRegions = (
				en,
				Base,
			);
			mainGroup = BACC1DC92691D62900866C79;
			productRefGroup = BACC1DD32691D62900866C79 /* Products */;
			projectDirPath = "";
			projectRoot = "";
			targets = (
				BACC1DD12691D62900866C79 /* Photo Search */,
			);
		};
/* End PBXProject section */

/* Begin PBXResourcesBuildPhase section */
		BACC1DD02691D62900866C79 /* Resources */ = {
			isa = PBXResourcesBuildPhase;
			buildActionMask = 2147483647;
			files = (
				BACC1DE22691D62D00866C79 /* LaunchScreen.storyboard in Resources */,
				BACC1DDF2691D62D00866C79 /* Assets.xcassets in Resources */,
				BACC1DDD2691D62900866C79 /* Main.storyboard in Resources */,
			);
			runOnlyForDeploymentPostprocessing = 0;
		};
/* End PBXResourcesBuildPhase section */

/* Begin PBXSourcesBuildPhase section */
		BACC1DCE2691D62900866C79 /* Sources */ = {
			isa = PBXSourcesBuildPhase;
			buildActionMask = 2147483647;
			files = (
				BA53ECA3271B412B00B8AC44 /* NetworkHelper.swift in Sources */,
				BA64ED38271ADC0200D9498D /* model.swift in Sources */,
				BA64ED3A271AE90400D9498D /* Extensions.swift in Sources */,
				BACC1DDA2691D62900866C79 /* ViewController.swift in Sources */,
				BACC1DD62691D62900866C79 /* AppDelegate.swift in Sources */,
				BACC1DD82691D62900866C79 /* SceneDelegate.swift in Sources */,
			);
			runOnlyForDeploymentPostprocessing = 0;
		};
/* End PBXSourcesBuildPhase section */

/* Begin PBXVariantGroup section */
		BACC1DDB2691D62900866C79 /* Main.storyboard */ = {
			isa = PBXVariantGroup;
			children = (
				BACC1DDC2691D62900866C79 /* Base */,
			);
			name = Main.storyboard;
			sourceTree = "<group>";
		};
		BACC1DE02691D62D00866C79 /* LaunchScreen.storyboard */ = {
			isa = PBXVariantGroup;
			children = (
				BACC1DE12691D62D00866C79 /* Base */,
			);
			name = LaunchScreen.storyboard;
			sourceTree = "<group>";
		};
/* End PBXVariantGroup section */

/* Begin XCBuildConfiguration section */
		BACC1DE42691D62D00866C79 /* Debug */ = {
			isa = XCBuildConfiguration;
			buildSettings = {
				ALWAYS_SEARCH_USER_PATHS = NO;
				CLANG_ANALYZER_NONNULL = YES;
				CLANG_ANALYZER_NUMBER_OBJECT_CONVERSION = YES_AGGRESSIVE;
				CLANG_CXX_LANGUAGE_STANDARD = "gnu++14";
				CLANG_CXX_LIBRARY = "libc++";
				CLANG_ENABLE_MODULES = YES;
				CLANG_ENABLE_OBJC_ARC = YES;
				CLANG_ENABLE_OBJC_WEAK = YES;
				CLANG_WARN_BLOCK_CAPTURE_AUTORELEASING = YES;
				CLANG_WARN_BOOL_CONVERSION = YES;
				CLANG_WARN_COMMA = YES;
				CLANG_WARN_CONSTANT_CONVERSION = YES;
				CLANG_WARN_DEPRECATED_OBJC_IMPLEMENTATIONS = YES;
				CLANG_WARN_DIRECT_OBJC_ISA_USAGE = YES_ERROR;
				CLANG_WARN_DOCUMENTATION_COMMENTS = YES;
				CLANG_WARN_EMPTY_BODY = YES;
				CLANG_WARN_ENUM_CONVERSION = YES;
				CLANG_WARN_INFINITE_RECURSION = YES;
				CLANG_WARN_INT_CONVERSION = YES;
				CLANG_WARN_NON_LITERAL_NULL_CONVERSION = YES;
				CLANG_WARN_OBJC_IMPLICIT_RETAIN_SELF = YES;
				CLANG_WARN_OBJC_LITERAL_CONVERSION = YES;
				CLANG_WARN_OBJC_ROOT_CLASS = YES_ERROR;
				CLANG_WARN_QUOTED_INCLUDE_IN_FRAMEWORK_HEADER = YES;
				CLANG_WARN_RANGE_LOOP_ANALYSIS = YES;
				CLANG_WARN_STRICT_PROTOTYPES = YES;
				CLANG_WARN_SUSPICIOUS_MOVE = YES;
				CLANG_WARN_UNGUARDED_AVAILABILITY = YES_AGGRESSIVE;
				CLANG_WARN_UNREACHABLE_CODE = YES;
				CLANG_WARN__DUPLICATE_METHOD_MATCH = YES;
				COPY_PHASE_STRIP = NO;
				DEBUG_INFORMATION_FORMAT = dwarf;
				ENABLE_STRICT_OBJC_MSGSEND = YES;
				ENABLE_TESTABILITY = YES;
				GCC_C_LANGUAGE_STANDARD = gnu11;
				GCC_DYNAMIC_NO_PIC = NO;
				GCC_NO_COMMON_BLOCKS = YES;
				GCC_OPTIMIZATION_LEVEL = 0;
				GCC_PREPROCESSOR_DEFINITIONS = (
					"DEBUG=1",
					"$(inherited)",
				);
				GCC_WARN_64_TO_32_BIT_CONVERSION = YES;
				GCC_WARN_ABOUT_RETURN_TYPE = YES_ERROR;
				GCC_WARN_UNDECLARED_SELECTOR = YES;
				GCC_WARN_UNINITIALIZED_AUTOS = YES_AGGRESSIVE;
				GCC_WARN_UNUSED_FUNCTION = YES;
				GCC_WARN_UNUSED_VARIABLE = YES;
				IPHONEOS_DEPLOYMENT_TARGET = 15.0;
				MTL_ENABLE_DEBUG_INFO = INCLUDE_SOURCE;
				MTL_FAST_MATH = YES;
				ONLY_ACTIVE_ARCH = YES;
				SDKROOT = iphoneos;
				SWIFT_ACTIVE_COMPILATION_CONDITIONS = DEBUG;
				SWIFT_OPTIMIZATION_LEVEL = "-Onone";
			};
			name = Debug;
		};
		BACC1DE52691D62D00866C79 /* Release */ = {
			isa = XCBuildConfiguration;
			buildSettings = {
				ALWAYS_SEARCH_USER_PATHS = NO;
				CLANG_ANALYZER_NONNULL = YES;
				CLANG_ANALYZER_NUMBER_OBJECT_CONVERSION = YES_AGGRESSIVE;
				CLANG_CXX_LANGUAGE_STANDARD = "gnu++14";
				CLANG_CXX_LIBRARY = "libc++";
				CLANG_ENABLE_MODULES = YES;
				CLANG_ENABLE_OBJC_ARC = YES;
				CLANG_ENABLE_OBJC_WEAK = YES;
				CLANG_WARN_BLOCK_CAPTURE_AUTORELEASING = YES;
				CLANG_WARN_BOOL_CONVERSION = YES;
				CLANG_WARN_COMMA = YES;
				CLANG_WARN_CONSTANT_CONVERSION = YES;
				CLANG_WARN_DEPRECATED_OBJC_IMPLEMENTATIONS = YES;
				CLANG_WARN_DIRECT_OBJC_ISA_USAGE = YES_ERROR;
				CLANG_WARN_DOCUMENTATION_COMMENTS = YES;
				CLANG_WARN_EMPTY_BODY = YES;
				CLANG_WARN_ENUM_CONVERSION = YES;
				CLANG_WARN_INFINITE_RECURSION = YES;
				CLANG_WARN_INT_CONVERSION = YES;
				CLANG_WARN_NON_LITERAL_NULL_CONVERSION = YES;
				CLANG_WARN_OBJC_IMPLICIT_RETAIN_SELF = YES;
				CLANG_WARN_OBJC_LITERAL_CONVERSION = YES;
				CLANG_WARN_OBJC_ROOT_CLASS = YES_ERROR;
				CLANG_WARN_QUOTED_INCLUDE_IN_FRAMEWORK_HEADER = YES;
				CLANG_WARN_RANGE_LOOP_ANALYSIS = YES;
				CLANG_WARN_STRICT_PROTOTYPES = YES;
				CLANG_WARN_SUSPICIOUS_MOVE = YES;
				CLANG_WARN_UNGUARDED_AVAILABILITY = YES_AGGRESSIVE;
				CLANG_WARN_UNREACHABLE_CODE = YES;
				CLANG_WARN__DUPLICATE_METHOD_MATCH = YES;
				COPY_PHASE_STRIP = NO;
				DEBUG_INFORMATION_FORMAT = "dwarf-with-dsym";
				ENABLE_NS_ASSERTIONS = NO;
				ENABLE_STRICT_OBJC_MSGSEND = YES;
				GCC_C_LANGUAGE_STANDARD = gnu11;
				GCC_NO_COMMON_BLOCKS = YES;
				GCC_WARN_64_TO_32_BIT_CONVERSION = YES;
				GCC_WARN_ABOUT_RETURN_TYPE = YES_ERROR;
				GCC_WARN_UNDECLARED_SELECTOR = YES;
				GCC_WARN_UNINITIALIZED_AUTOS = YES_AGGRESSIVE;
				GCC_WARN_UNUSED_FUNCTION = YES;
				GCC_WARN_UNUSED_VARIABLE = YES;
				IPHONEOS_DEPLOYMENT_TARGET = 15.0;
				MTL_ENABLE_DEBUG_INFO = NO;
				MTL_FAST_MATH = YES;
				SDKROOT = iphoneos;
				SWIFT_COMPILATION_MODE = wholemodule;
				SWIFT_OPTIMIZATION_LEVEL = "-O";
				VALIDATE_PRODUCT = YES;
			};
			name = Release;
		};
		BACC1DE72691D62D00866C79 /* Debug */ = {
			isa = XCBuildConfiguration;
			buildSettings = {
				ASSETCATALOG_COMPILER_APPICON_NAME = AppIcon;
				ASSETCATALOG_COMPILER_GLOBAL_ACCENT_COLOR_NAME = AccentColor;
				CODE_SIGN_STYLE = Automatic;
				INFOPLIST_FILE = "Photo Search/Info.plist";
				LD_RUNPATH_SEARCH_PATHS = (
					"$(inherited)",
					"@executable_path/Frameworks",
				);
				PRODUCT_BUNDLE_IDENTIFIER = "co.Wen.Photo-Search";
				PRODUCT_NAME = "$(TARGET_NAME)";
				SWIFT_VERSION = 5.0;
				TARGETED_DEVICE_FAMILY = "1,2";
			};
			name = Debug;
		};
		BACC1DE82691D62D00866C79 /* Release */ = {
			isa = XCBuildConfiguration;
			buildSettings = {
				ASSETCATALOG_COMPILER_APPICON_NAME = AppIcon;
				ASSETCATALOG_COMPILER_GLOBAL_ACCENT_COLOR_NAME = AccentColor;
				CODE_SIGN_STYLE = Automatic;
				INFOPLIST_FILE = "Photo Search/Info.plist";
				LD_RUNPATH_SEARCH_PATHS = (
					"$(inherited)",
					"@executable_path/Frameworks",
				);
				PRODUCT_BUNDLE_IDENTIFIER = "co.Wen.Photo-Search";
				PRODUCT_NAME = "$(TARGET_NAME)";
				SWIFT_VERSION = 5.0;
				TARGETED_DEVICE_FAMILY = "1,2";
			};
			name = Release;
		};
/* End XCBuildConfiguration section */

/* Begin XCConfigurationList section */
		BACC1DCD2691D62900866C79 /* Build configuration list for PBXProject "Photo Search" */ = {
			isa = XCConfigurationList;
			buildConfigurations = (
				BACC1DE42691D62D00866C79 /* Debug */,
				BACC1DE52691D62D00866C79 /* Release */,
			);
			defaultConfigurationIsVisible = 0;
			defaultConfigurationName = Release;
		};
		BACC1DE62691D62D00866C79 /* Build configuration list for PBXNativeTarget "Photo Search" */ = {
			isa = XCConfigurationList;
			buildConfigurations = (
				BACC1DE72691D62D00866C79 /* Debug */,
				BACC1DE82691D62D00866C79 /* Release */,
			);
			defaultConfigurationIsVisible = 0;
			defaultConfigurationName = Release;
		};
/* End XCConfigurationList section */
	};
	rootObject = BACC1DCA2691D62900866C79 /* Project object */;
}
